
Microsoft Visual Studio Solution File, Format Version 12.00
# Visual Studio Version 16
VisualStudioVersion = 16.0.30711.63
MinimumVisualStudioVersion = 10.0.40219.1
Project("{FAE04EC0-301F-11D3-BF4B-00C04F79EFBC}") = "WebAPI", "WebAPI\WebAPI.csproj", "{D1066099-3E2B-4D9E-BEA1-033BB191A532}"
EndProject
Global
	GlobalSection(SolutionConfigurationPlatforms) = preSolution
		Debug|Any CPU = Debug|Any CPU
		Release|Any CPU = Release|Any CPU
	EndGlobalSection
	GlobalSection(ProjectConfigurationPlatforms) = postSolution
		{D1066099-3E2B-4D9E-BEA1-033BB191A532}.Debug|Any CPU.ActiveCfg = Debug|Any CPU
		{D1066099-3E2B-4D9E-BEA1-033BB191A532}.Debug|Any CPU.Build.0 = Debug|Any CPU
		{D1066099-3E2B-4D9E-BEA1-033BB191A532}.Release|Any CPU.ActiveCfg = Release|Any CPU
		{D1066099-3E2B-4D9E-BEA1-033BB191A532}.Release|Any CPU.Build.0 = Release|Any CPU
	EndGlobalSection
	GlobalSection(SolutionProperties) = preSolution
		HideSolutionNode = FALSE
	EndGlobalSection
	GlobalSection(ExtensibilityGlobals) = postSolution
		SolutionGuid = {76B1C283-A1FA-4038-A420-FF5CDB120B0A}
	EndGlobalSection
EndGlobal
